
Microsoft Visual Studio Solution File, Format Version 12.00
# Visual Studio Version 17
VisualStudioVersion = 17.0.31903.59
MinimumVisualStudioVersion = 10.0.40219.1
Project("{2150E333-8FDC-42A3-9474-1A3956D46DE8}") = "src", "src", "{827E0CD3-B72D-47B6-A68D-7590B98EB39B}"
EndProject
Project("{FAE04EC0-301F-11D3-BF4B-00C04F79EFBC}") = "WpfStudio.App", "src\WpfStudio.App\WpfStudio.App.csproj", "{D36B40A4-C348-40AC-BFCD-772B0EBBD0B6}"
EndProject
Project("{FAE04EC0-301F-11D3-BF4B-00C04F79EFBC}") = "WpfStudio.Contracts", "src\WpfStudio.Contracts\WpfStudio.Contracts.csproj", "{EEB655BF-5AD8-4454-8C30-EC833DCE8B1C}"
EndProject
Project("{FAE04EC0-301F-11D3-BF4B-00C04F79EFBC}") = "WpfStudio.Core", "src\WpfStudio.Core\WpfStudio.Core.csproj", "{E1E9D53E-751F-4599-94F1-205716C4C6EA}"
EndProject
Project("{2150E333-8FDC-42A3-9474-1A3956D46DE8}") = "tests", "tests", "{0AB3BF05-4346-4AA6-1389-037BE0695223}"
EndProject
Project("{FAE04EC0-301F-11D3-BF4B-00C04F79EFBC}") = "WpfStudio.Core.Tests", "tests\WpfStudio.Core.Tests\WpfStudio.Core.Tests.csproj", "{FA89AFB2-22EB-4698-9908-41CCDC2A2470}"
EndProject
Project("{FAE04EC0-301F-11D3-BF4B-00C04F79EFBC}") = "WpfStudio.Workspace", "src\WpfStudio.Workspace\WpfStudio.Workspace.csproj", "{6EB17A3C-F8FB-4D40-A5DF-62623D1B46EE}"
EndProject
Project("{FAE04EC0-301F-11D3-BF4B-00C04F79EFBC}") = "WpfStudio.WorkspaceHost", "src\WpfStudio.WorkspaceHost\WpfStudio.WorkspaceHost.csproj", "{A16F1ECC-902D-4380-A133-74466B8952DE}"
EndProject
Project("{FAE04EC0-301F-11D3-BF4B-00C04F79EFBC}") = "WpfStudio.Runtime", "src\WpfStudio.Runtime\WpfStudio.Runtime.csproj", "{7F13D91B-EDA9-41DF-B1D7-A23B3D9451C2}"
EndProject
Project("{FAE04EC0-301F-11D3-BF4B-00C04F79EFBC}") = "WpfStudio.Database", "src\WpfStudio.Database\WpfStudio.Database.csproj", "{4408DAE5-B087-4364-B5F5-8D3FE909479D}"
EndProject
Project("{FAE04EC0-301F-11D3-BF4B-00C04F79EFBC}") = "WpfStudio.Workspace.Tests", "tests\WpfStudio.Workspace.Tests\WpfStudio.Workspace.Tests.csproj", "{89AB6B11-56CB-40FD-A1E7-AD417BECA5D2}"
EndProject
Project("{FAE04EC0-301F-11D3-BF4B-00C04F79EFBC}") = "WpfStudio.Runtime.Tests", "tests\WpfStudio.Runtime.Tests\WpfStudio.Runtime.Tests.csproj", "{807D04FF-8AD6-4C30-A626-C6511C02FC71}"
EndProject
Project("{FAE04EC0-301F-11D3-BF4B-00C04F79EFBC}") = "WpfStudio.Database.Tests", "tests\WpfStudio.Database.Tests\WpfStudio.Database.Tests.csproj", "{C172952A-574E-4C87-9F89-0D673285C763}"
EndProject
Project("{FAE04EC0-301F-11D3-BF4B-00C04F79EFBC}") = "WpfStudio.Shell.Tests", "tests\WpfStudio.Shell.Tests\WpfStudio.Shell.Tests.csproj", "{5E7BA20A-4675-41B5-BC42-8841A572C48C}"
EndProject
Project("{FAE04EC0-301F-11D3-BF4B-00C04F79EFBC}") = "WpfStudio.App.Tests", "tests\WpfStudio.App.Tests\WpfStudio.App.Tests.csproj", "{75CDB255-A1B2-42BE-B22F-D84B48A8AB62}"
EndProject
Global
	GlobalSection(SolutionConfigurationPlatforms) = preSolution
		Debug|Any CPU = Debug|Any CPU
		Debug|x64 = Debug|x64
		Debug|x86 = Debug|x86
		Release|Any CPU = Release|Any CPU
		Release|x64 = Release|x64
		Release|x86 = Release|x86
	EndGlobalSection
	GlobalSection(ProjectConfigurationPlatforms) = postSolution
		{D36B40A4-C348-40AC-BFCD-772B0EBBD0B6}.Debug|Any CPU.ActiveCfg = Debug|Any CPU
		{D36B40A4-C348-40AC-BFCD-772B0EBBD0B6}.Debug|Any CPU.Build.0 = Debug|Any CPU
		{D36B40A4-C348-40AC-BFCD-772B0EBBD0B6}.Debug|x64.ActiveCfg = Debug|Any CPU
		{D36B40A4-C348-40AC-BFCD-772B0EBBD0B6}.Debug|x64.Build.0 = Debug|Any CPU
		{D36B40A4-C348-40AC-BFCD-772B0EBBD0B6}.Debug|x86.ActiveCfg = Debug|Any CPU
		{D36B40A4-C348-40AC-BFCD-772B0EBBD0B6}.Debug|x86.Build.0 = Debug|Any CPU
		{D36B40A4-C348-40AC-BFCD-772B0EBBD0B6}.Release|Any CPU.ActiveCfg = Release|Any CPU
		{D36B40A4-C348-40AC-BFCD-772B0EBBD0B6}.Release|Any CPU.Build.0 = Release|Any CPU
		{D36B40A4-C348-40AC-BFCD-772B0EBBD0B6}.Release|x64.ActiveCfg = Release|Any CPU
		{D36B40A4-C348-40AC-BFCD-772B0EBBD0B6}.Release|x64.Build.0 = Release|Any CPU
		{D36B40A4-C348-40AC-BFCD-772B0EBBD0B6}.Release|x86.ActiveCfg = Release|Any CPU
		{D36B40A4-C348-40AC-BFCD-772B0EBBD0B6}.Release|x86.Build.0 = Release|Any CPU
		{EEB655BF-5AD8-4454-8C30-EC833DCE8B1C}.Debug|Any CPU.ActiveCfg = Debug|Any CPU
		{EEB655BF-5AD8-4454-8C30-EC833DCE8B1C}.Debug|Any CPU.Build.0 = Debug|Any CPU
		{EEB655BF-5AD8-4454-8C30-EC833DCE8B1C}.Debug|x64.ActiveCfg = Debug|Any CPU
		{EEB655BF-5AD8-4454-8C30-EC833DCE8B1C}.Debug|x64.Build.0 = Debug|Any CPU
		{EEB655BF-5AD8-4454-8C30-EC833DCE8B1C}.Debug|x86.ActiveCfg = Debug|Any CPU
		{EEB655BF-5AD8-4454-8C30-EC833DCE8B1C}.Debug|x86.Build.0 = Debug|Any CPU
		{EEB655BF-5AD8-4454-8C30-EC833DCE8B1C}.Release|Any CPU.ActiveCfg = Release|Any CPU
		{EEB655BF-5AD8-4454-8C30-EC833DCE8B1C}.Release|Any CPU.Build.0 = Release|Any CPU
		{EEB655BF-5AD8-4454-8C30-EC833DCE8B1C}.Release|x64.ActiveCfg = Release|Any CPU
		{EEB655BF-5AD8-4454-8C30-EC833DCE8B1C}.Release|x64.Build.0 = Release|Any CPU
		{EEB655BF-5AD8-4454-8C30-EC833DCE8B1C}.Release|x86.ActiveCfg = Release|Any CPU
		{EEB655BF-5AD8-4454-8C30-EC833DCE8B1C}.Release|x86.Build.0 = Release|Any CPU
		{E1E9D53E-751F-4599-94F1-205716C4C6EA}.Debug|Any CPU.ActiveCfg = Debug|Any CPU
		{E1E9D53E-751F-4599-94F1-205716C4C6EA}.Debug|Any CPU.Build.0 = Debug|Any CPU
		{E1E9D53E-751F-4599-94F1-205716C4C6EA}.Debug|x64.ActiveCfg = Debug|Any CPU
		{E1E9D53E-751F-4599-94F1-205716C4C6EA}.Debug|x64.Build.0 = Debug|Any CPU
		{E1E9D53E-751F-4599-94F1-205716C4C6EA}.Debug|x86.ActiveCfg = Debug|Any CPU
		{E1E9D53E-751F-4599-94F1-205716C4C6EA}.Debug|x86.Build.0 = Debug|Any CPU
		{E1E9D53E-751F-4599-94F1-205716C4C6EA}.Release|Any CPU.ActiveCfg = Release|Any CPU
		{E1E9D53E-751F-4599-94F1-205716C4C6EA}.Release|Any CPU.Build.0 = Release|Any CPU
		{E1E9D53E-751F-4599-94F1-205716C4C6EA}.Release|x64.ActiveCfg = Release|Any CPU
		{E1E9D53E-751F-4599-94F1-205716C4C6EA}.Release|x64.Build.0 = Release|Any CPU
		{E1E9D53E-751F-4599-94F1-205716C4C6EA}.Release|x86.ActiveCfg = Release|Any CPU
		{E1E9D53E-751F-4599-94F1-205716C4C6EA}.Release|x86.Build.0 = Release|Any CPU
		{FA89AFB2-22EB-4698-9908-41CCDC2A2470}.Debug|Any CPU.ActiveCfg = Debug|Any CPU
		{FA89AFB2-22EB-4698-9908-41CCDC2A2470}.Debug|Any CPU.Build.0 = Debug|Any CPU
		{FA89AFB2-22EB-4698-9908-41CCDC2A2470}.Debug|x64.ActiveCfg = Debug|Any CPU
		{FA89AFB2-22EB-4698-9908-41CCDC2A2470}.Debug|x64.Build.0 = Debug|Any CPU
		{FA89AFB2-22EB-4698-9908-41CCDC2A2470}.Debug|x86.ActiveCfg = Debug|Any CPU
		{FA89AFB2-22EB-4698-9908-41CCDC2A2470}.Debug|x86.Build.0 = Debug|Any CPU
		{FA89AFB2-22EB-4698-9908-41CCDC2A2470}.Release|Any CPU.ActiveCfg = Release|Any CPU
		{FA89AFB2-22EB-4698-9908-41CCDC2A2470}.Release|Any CPU.Build.0 = Release|Any CPU
		{FA89AFB2-22EB-4698-9908-41CCDC2A2470}.Release|x64.ActiveCfg = Release|Any CPU
		{FA89AFB2-22EB-4698-9908-41CCDC2A2470}.Release|x64.Build.0 = Release|Any CPU
		{FA89AFB2-22EB-4698-9908-41CCDC2A2470}.Release|x86.ActiveCfg = Release|Any CPU
		{FA89AFB2-22EB-4698-9908-41CCDC2A2470}.Release|x86.Build.0 = Release|Any CPU
		{6EB17A3C-F8FB-4D40-A5DF-62623D1B46EE}.Debug|Any CPU.ActiveCfg = Debug|Any CPU
		{6EB17A3C-F8FB-4D40-A5DF-62623D1B46EE}.Debug|Any CPU.Build.0 = Debug|Any CPU
		{6EB17A3C-F8FB-4D40-A5DF-62623D1B46EE}.Debug|x64.ActiveCfg = Debug|Any CPU
		{6EB17A3C-F8FB-4D40-A5DF-62623D1B46EE}.Debug|x64.Build.0 = Debug|Any CPU
		{6EB17A3C-F8FB-4D40-A5DF-62623D1B46EE}.Debug|x86.ActiveCfg = Debug|Any CPU
		{6EB17A3C-F8FB-4D40-A5DF-62623D1B46EE}.Debug|x86.Build.0 = Debug|Any CPU
		{6EB17A3C-F8FB-4D40-A5DF-62623D1B46EE}.Release|Any CPU.ActiveCfg = Release|Any CPU
		{6EB17A3C-F8FB-4D40-A5DF-62623D1B46EE}.Release|Any CPU.Build.0 = Release|Any CPU
		{6EB17A3C-F8FB-4D40-A5DF-62623D1B46EE}.Release|x64.ActiveCfg = Release|Any CPU
		{6EB17A3C-F8FB-4D40-A5DF-62623D1B46EE}.Release|x64.Build.0 = Release|Any CPU
		{6EB17A3C-F8FB-4D40-A5DF-62623D1B46EE}.Release|x86.ActiveCfg = Release|Any CPU
		{6EB17A3C-F8FB-4D40-A5DF-62623D1B46EE}.Release|x86.Build.0 = Release|Any CPU
		{A16F1ECC-902D-4380-A133-74466B8952DE}.Debug|Any CPU.ActiveCfg = Debug|Any CPU
		{A16F1ECC-902D-4380-A133-74466B8952DE}.Debug|Any CPU.Build.0 = Debug|Any CPU
		{A16F1ECC-902D-4380-A133-74466B8952DE}.Debug|x64.ActiveCfg = Debug|Any CPU
		{A16F1ECC-902D-4380-A133-74466B8952DE}.Debug|x64.Build.0 = Debug|Any CPU
		{A16F1ECC-902D-4380-A133-74466B8952DE}.Debug|x86.ActiveCfg = Debug|Any CPU
		{A16F1ECC-902D-4380-A133-74466B8952DE}.Debug|x86.Build.0 = Debug|Any CPU
		{A16F1ECC-902D-4380-A133-74466B8952DE}.Release|Any CPU.ActiveCfg = Release|Any CPU
		{A16F1ECC-902D-4380-A133-74466B8952DE}.Release|Any CPU.Build.0 = Release|Any CPU
		{A16F1ECC-902D-4380-A133-74466B8952DE}.Release|x64.ActiveCfg = Release|Any CPU
		{A16F1ECC-902D-4380-A133-74466B8952DE}.Release|x64.Build.0 = Release|Any CPU
		{A16F1ECC-902D-4380-A133-74466B8952DE}.Release|x86.ActiveCfg = Release|Any CPU
		{A16F1ECC-902D-4380-A133-74466B8952DE}.Release|x86.Build.0 = Release|Any CPU
		{7F13D91B-EDA9-41DF-B1D7-A23B3D9451C2}.Debug|Any CPU.ActiveCfg = Debug|Any CPU
		{7F13D91B-EDA9-41DF-B1D7-A23B3D9451C2}.Debug|Any CPU.Build.0 = Debug|Any CPU
		{7F13D91B-EDA9-41DF-B1D7-A23B3D9451C2}.Debug|x64.ActiveCfg = Debug|Any CPU
		{7F13D91B-EDA9-41DF-B1D7-A23B3D9451C2}.Debug|x64.Build.0 = Debug|Any CPU
		{7F13D91B-EDA9-41DF-B1D7-A23B3D9451C2}.Debug|x86.ActiveCfg = Debug|Any CPU
		{7F13D91B-EDA9-41DF-B1D7-A23B3D9451C2}.Debug|x86.Build.0 = Debug|Any CPU
		{7F13D91B-EDA9-41DF-B1D7-A23B3D9451C2}.Release|Any CPU.ActiveCfg = Release|Any CPU
		{7F13D91B-EDA9-41DF-B1D7-A23B3D9451C2}.Release|Any CPU.Build.0 = Release|Any CPU
		{7F13D91B-EDA9-41DF-B1D7-A23B3D9451C2}.Release|x64.ActiveCfg = Release|Any CPU
		{7F13D91B-EDA9-41DF-B1D7-A23B3D9451C2}.Release|x64.Build.0 = Release|Any CPU
		{7F13D91B-EDA9-41DF-B1D7-A23B3D9451C2}.Release|x86.ActiveCfg = Release|Any CPU
		{7F13D91B-EDA9-41DF-B1D7-A23B3D9451C2}.Release|x86.Build.0 = Release|Any CPU
		{4408DAE5-B087-4364-B5F5-8D3FE909479D}.Debug|Any CPU.ActiveCfg = Debug|Any CPU
		{4408DAE5-B087-4364-B5F5-8D3FE909479D}.Debug|Any CPU.Build.0 = Debug|Any CPU
		{4408DAE5-B087-4364-B5F5-8D3FE909479D}.Debug|x64.ActiveCfg = Debug|Any CPU
		{4408DAE5-B087-4364-B5F5-8D3FE909479D}.Debug|x64.Build.0 = Debug|Any CPU
		{4408DAE5-B087-4364-B5F5-8D3FE909479D}.Debug|x86.ActiveCfg = Debug|Any CPU
		{4408DAE5-B087-4364-B5F5-8D3FE909479D}.Debug|x86.Build.0 = Debug|Any CPU
		{4408DAE5-B087-4364-B5F5-8D3FE909479D}.Release|Any CPU.ActiveCfg = Release|Any CPU
		{4408DAE5-B087-4364-B5F5-8D3FE909479D}.Release|Any CPU.Build.0 = Release|Any CPU
		{4408DAE5-B087-4364-B5F5-8D3FE909479D}.Release|x64.ActiveCfg = Release|Any CPU
		{4408DAE5-B087-4364-B5F5-8D3FE909479D}.Release|x64.Build.0 = Release|Any CPU
		{4408DAE5-B087-4364-B5F5-8D3FE909479D}.Release|x86.ActiveCfg = Release|Any CPU
		{4408DAE5-B087-4364-B5F5-8D3FE909479D}.Release|x86.Build.0 = Release|Any CPU
		{89AB6B11-56CB-40FD-A1E7-AD417BECA5D2}.Debug|Any CPU.ActiveCfg = Debug|Any CPU
		{89AB6B11-56CB-40FD-A1E7-AD417BECA5D2}.Debug|Any CPU.Build.0 = Debug|Any CPU
		{89AB6B11-56CB-40FD-A1E7-AD417BECA5D2}.Debug|x64.ActiveCfg = Debug|Any CPU
		{89AB6B11-56CB-40FD-A1E7-AD417BECA5D2}.Debug|x64.Build.0 = Debug|Any CPU
		{89AB6B11-56CB-40FD-A1E7-AD417BECA5D2}.Debug|x86.ActiveCfg = Debug|Any CPU
		{89AB6B11-56CB-40FD-A1E7-AD417BECA5D2}.Debug|x86.Build.0 = Debug|Any CPU
		{89AB6B11-56CB-40FD-A1E7-AD417BECA5D2}.Release|Any CPU.ActiveCfg = Release|Any CPU
		{89AB6B11-56CB-40FD-A1E7-AD417BECA5D2}.Release|Any CPU.Build.0 = Release|Any CPU
		{89AB6B11-56CB-40FD-A1E7-AD417BECA5D2}.Release|x64.ActiveCfg = Release|Any CPU
		{89AB6B11-56CB-40FD-A1E7-AD417BECA5D2}.Release|x64.Build.0 = Release|Any CPU
		{89AB6B11-56CB-40FD-A1E7-AD417BECA5D2}.Release|x86.ActiveCfg = Release|Any CPU
		{89AB6B11-56CB-40FD-A1E7-AD417BECA5D2}.Release|x86.Build.0 = Release|Any CPU
		{807D04FF-8AD6-4C30-A626-C6511C02FC71}.Debug|Any CPU.ActiveCfg = Debug|Any CPU
		{807D04FF-8AD6-4C30-A626-C6511C02FC71}.Debug|Any CPU.Build.0 = Debug|Any CPU
		{807D04FF-8AD6-4C30-A626-C6511C02FC71}.Debug|x64.ActiveCfg = Debug|Any CPU
		{807D04FF-8AD6-4C30-A626-C6511C02FC71}.Debug|x64.Build.0 = Debug|Any CPU
		{807D04FF-8AD6-4C30-A626-C6511C02FC71}.Debug|x86.ActiveCfg = Debug|Any CPU
		{807D04FF-8AD6-4C30-A626-C6511C02FC71}.Debug|x86.Build.0 = Debug|Any CPU
		{807D04FF-8AD6-4C30-A626-C6511C02FC71}.Release|Any CPU.ActiveCfg = Release|Any CPU
		{807D04FF-8AD6-4C30-A626-C6511C02FC71}.Release|Any CPU.Build.0 = Release|Any CPU
		{807D04FF-8AD6-4C30-A626-C6511C02FC71}.Release|x64.ActiveCfg = Release|Any CPU
		{807D04FF-8AD6-4C30-A626-C6511C02FC71}.Release|x64.Build.0 = Release|Any CPU
		{807D04FF-8AD6-4C30-A626-C6511C02FC71}.Release|x86.ActiveCfg = Release|Any CPU
		{807D04FF-8AD6-4C30-A626-C6511C02FC71}.Release|x86.Build.0 = Release|Any CPU
		{C172952A-574E-4C87-9F89-0D673285C763}.Debug|Any CPU.ActiveCfg = Debug|Any CPU
		{C172952A-574E-4C87-9F89-0D673285C763}.Debug|Any CPU.Build.0 = Debug|Any CPU
		{C172952A-574E-4C87-9F89-0D673285C763}.Debug|x64.ActiveCfg = Debug|Any CPU
		{C172952A-574E-4C87-9F89-0D673285C763}.Debug|x64.Build.0 = Debug|Any CPU
		{C172952A-574E-4C87-9F89-0D673285C763}.Debug|x86.ActiveCfg = Debug|Any CPU
		{C172952A-574E-4C87-9F89-0D673285C763}.Debug|x86.Build.0 = Debug|Any CPU
		{C172952A-574E-4C87-9F89-0D673285C763}.Release|Any CPU.ActiveCfg = Release|Any CPU
		{C172952A-574E-4C87-9F89-0D673285C763}.Release|Any CPU.Build.0 = Release|Any CPU
		{C172952A-574E-4C87-9F89-0D673285C763}.Release|x64.ActiveCfg = Release|Any CPU
		{C172952A-574E-4C87-9F89-0D673285C763}.Release|x64.Build.0 = Release|Any CPU
		{C172952A-574E-4C87-9F89-0D673285C763}.Release|x86.ActiveCfg = Release|Any CPU
		{C172952A-574E-4C87-9F89-0D673285C763}.Release|x86.Build.0 = Release|Any CPU
		{5E7BA20A-4675-41B5-BC42-8841A572C48C}.Debug|Any CPU.ActiveCfg = Debug|Any CPU
		{5E7BA20A-4675-41B5-BC42-8841A572C48C}.Debug|Any CPU.Build.0 = Debug|Any CPU
		{5E7BA20A-4675-41B5-BC42-8841A572C48C}.Debug|x64.ActiveCfg = Debug|Any CPU
		{5E7BA20A-4675-41B5-BC42-8841A572C48C}.Debug|x64.Build.0 = Debug|Any CPU
		{5E7BA20A-4675-41B5-BC42-8841A572C48C}.Debug|x86.ActiveCfg = Debug|Any CPU
		{5E7BA20A-4675-41B5-BC42-8841A572C48C}.Debug|x86.Build.0 = Debug|Any CPU
		{5E7BA20A-4675-41B5-BC42-8841A572C48C}.Release|Any CPU.ActiveCfg = Release|Any CPU
		{5E7BA20A-4675-41B5-BC42-8841A572C48C}.Release|Any CPU.Build.0 = Release|Any CPU
		{5E7BA20A-4675-41B5-BC42-8841A572C48C}.Release|x64.ActiveCfg = Release|Any CPU
		{5E7BA20A-4675-41B5-BC42-8841A572C48C}.Release|x64.Build.0 = Release|Any CPU
		{5E7BA20A-4675-41B5-BC42-8841A572C48C}.Release|x86.ActiveCfg = Release|Any CPU
		{5E7BA20A-4675-41B5-BC42-8841A572C48C}.Release|x86.Build.0 = Release|Any CPU
		{75CDB255-A1B2-42BE-B22F-D84B48A8AB62}.Debug|Any CPU.ActiveCfg = Debug|Any CPU
		{75CDB255-A1B2-42BE-B22F-D84B48A8AB62}.Debug|Any CPU.Build.0 = Debug|Any CPU
		{75CDB255-A1B2-42BE-B22F-D84B48A8AB62}.Debug|x64.ActiveCfg = Debug|Any CPU
		{75CDB255-A1B2-42BE-B22F-D84B48A8AB62}.Debug|x64.Build.0 = Debug|Any CPU
		{75CDB255-A1B2-42BE-B22F-D84B48A8AB62}.Debug|x86.ActiveCfg = Debug|Any CPU
		{75CDB255-A1B2-42BE-B22F-D84B48A8AB62}.Debug|x86.Build.0 = Debug|Any CPU
		{75CDB255-A1B2-42BE-B22F-D84B48A8AB62}.Release|Any CPU.ActiveCfg = Release|Any CPU
		{75CDB255-A1B2-42BE-B22F-D84B48A8AB62}.Release|Any CPU.Build.0 = Release|Any CPU
		{75CDB255-A1B2-42BE-B22F-D84B48A8AB62}.Release|x64.ActiveCfg = Release|Any CPU
		{75CDB255-A1B2-42BE-B22F-D84B48A8AB62}.Release|x64.Build.0 = Release|Any CPU
		{75CDB255-A1B2-42BE-B22F-D84B48A8AB62}.Release|x86.ActiveCfg = Release|Any CPU
		{75CDB255-A1B2-42BE-B22F-D84B48A8AB62}.Release|x86.Build.0 = Release|Any CPU
	EndGlobalSection
	GlobalSection(SolutionProperties) = preSolution
		HideSolutionNode = FALSE
	EndGlobalSection
	GlobalSection(NestedProjects) = preSolution
		{D36B40A4-C348-40AC-BFCD-772B0EBBD0B6} = {827E0CD3-B72D-47B6-A68D-7590B98EB39B}
		{EEB655BF-5AD8-4454-8C30-EC833DCE8B1C} = {827E0CD3-B72D-47B6-A68D-7590B98EB39B}
		{E1E9D53E-751F-4599-94F1-205716C4C6EA} = {827E0CD3-B72D-47B6-A68D-7590B98EB39B}
		{FA89AFB2-22EB-4698-9908-41CCDC2A2470} = {0AB3BF05-4346-4AA6-1389-037BE0695223}
		{6EB17A3C-F8FB-4D40-A5DF-62623D1B46EE} = {827E0CD3-B72D-47B6-A68D-7590B98EB39B}
		{A16F1ECC-902D-4380-A133-74466B8952DE} = {827E0CD3-B72D-47B6-A68D-7590B98EB39B}
		{7F13D91B-EDA9-41DF-B1D7-A23B3D9451C2} = {827E0CD3-B72D-47B6-A68D-7590B98EB39B}
		{4408DAE5-B087-4364-B5F5-8D3FE909479D} = {827E0CD3-B72D-47B6-A68D-7590B98EB39B}
		{89AB6B11-56CB-40FD-A1E7-AD417BECA5D2} = {0AB3BF05-4346-4AA6-1389-037BE0695223}
		{807D04FF-8AD6-4C30-A626-C6511C02FC71} = {0AB3BF05-4346-4AA6-1389-037BE0695223}
		{C172952A-574E-4C87-9F89-0D673285C763} = {0AB3BF05-4346-4AA6-1389-037BE0695223}
		{5E7BA20A-4675-41B5-BC42-8841A572C48C} = {0AB3BF05-4346-4AA6-1389-037BE0695223}
		{75CDB255-A1B2-42BE-B22F-D84B48A8AB62} = {0AB3BF05-4346-4AA6-1389-037BE0695223}
	EndGlobalSection
EndGlobal
